
Microsoft Visual Studio Solution File, Format Version 12.00
# Visual Studio 2017
Project("{FAE04EC0-301F-11D3-BF4B-00C04F79EFBC}") = "DieHardGolf", "DieHardGolf.csproj", "{DC6E1980-0C53-9D2B-CC59-481D81423732}"
EndProject
Project("{FAE04EC0-301F-11D3-BF4B-00C04F79EFBC}") = "DieHardGolf.Plugins", "DieHardGolf.Plugins.csproj", "{8A217386-35D7-3156-7BBC-54231F17BC10}"
EndProject
Project("{FAE04EC0-301F-11D3-BF4B-00C04F79EFBC}") = "DieHardGolf.Editor", "DieHardGolf.Editor.csproj", "{81BD8121-A774-922B-B675-FF91FEFA59B5}"
EndProject
Project("{FAE04EC0-301F-11D3-BF4B-00C04F79EFBC}") = "DieHardGolf.Editor.Plugins", "DieHardGolf.Editor.Plugins.csproj", "{4EFF9026-0AD5-9492-91B7-3D8E3D291F63}"
EndProject
Global
	GlobalSection(SolutionConfigurationPlatforms) = preSolution
		Debug|Any CPU = Debug|Any CPU
		Release|Any CPU = Release|Any CPU
	EndGlobalSection
	GlobalSection(ProjectConfigurationPlatforms) = postSolution
		{DC6E1980-0C53-9D2B-CC59-481D81423732}.Debug|Any CPU.ActiveCfg = Debug|Any CPU
		{DC6E1980-0C53-9D2B-CC59-481D81423732}.Debug|Any CPU.Build.0 = Debug|Any CPU
		{DC6E1980-0C53-9D2B-CC59-481D81423732}.Release|Any CPU.ActiveCfg = Release|Any CPU
		{DC6E1980-0C53-9D2B-CC59-481D81423732}.Release|Any CPU.Build.0 = Release|Any CPU
		{8A217386-35D7-3156-7BBC-54231F17BC10}.Debug|Any CPU.ActiveCfg = Debug|Any CPU
		{8A217386-35D7-3156-7BBC-54231F17BC10}.Debug|Any CPU.Build.0 = Debug|Any CPU
		{8A217386-35D7-3156-7BBC-54231F17BC10}.Release|Any CPU.ActiveCfg = Release|Any CPU
		{8A217386-35D7-3156-7BBC-54231F17BC10}.Release|Any CPU.Build.0 = Release|Any CPU
		{81BD8121-A774-922B-B675-FF91FEFA59B5}.Debug|Any CPU.ActiveCfg = Debug|Any CPU
		{81BD8121-A774-922B-B675-FF91FEFA59B5}.Debug|Any CPU.Build.0 = Debug|Any CPU
		{81BD8121-A774-922B-B675-FF91FEFA59B5}.Release|Any CPU.ActiveCfg = Release|Any CPU
		{81BD8121-A774-922B-B675-FF91FEFA59B5}.Release|Any CPU.Build.0 = Release|Any CPU
		{4EFF9026-0AD5-9492-91B7-3D8E3D291F63}.Debug|Any CPU.ActiveCfg = Debug|Any CPU
		{4EFF9026-0AD5-9492-91B7-3D8E3D291F63}.Debug|Any CPU.Build.0 = Debug|Any CPU
		{4EFF9026-0AD5-9492-91B7-3D8E3D291F63}.Release|Any CPU.ActiveCfg = Release|Any CPU
		{4EFF9026-0AD5-9492-91B7-3D8E3D291F63}.Release|Any CPU.Build.0 = Release|Any CPU
	EndGlobalSection
	GlobalSection(SolutionProperties) = preSolution
		HideSolutionNode = FALSE
	EndGlobalSection
EndGlobal
