
Microsoft Visual Studio Solution File, Format Version 12.00
# Visual Studio 2015
Project("{FAE04EC0-301F-11D3-BF4B-00C04F79EFBC}") = "DieHard Golf.Plugins", "DieHard Golf.Plugins.csproj", "{47E467A1-7D59-40C3-BEC8-AB1046F66269}"
EndProject
Project("{FAE04EC0-301F-11D3-BF4B-00C04F79EFBC}") = "DieHard Golf", "DieHard Golf.csproj", "{A0759100-065C-1FC2-8933-C5695E4AE9AA}"
EndProject
Project("{FAE04EC0-301F-11D3-BF4B-00C04F79EFBC}") = "DieHard Golf.Editor.Plugins", "DieHard Golf.Editor.Plugins.csproj", "{DBA9FDE4-8F9E-D18F-21CB-B176172912EB}"
EndProject
Project("{FAE04EC0-301F-11D3-BF4B-00C04F79EFBC}") = "DieHard Golf.Editor", "DieHard Golf.Editor.csproj", "{65450662-A6DE-2C48-4061-A09A1BD00C1D}"
EndProject
Global
	GlobalSection(SolutionConfigurationPlatforms) = preSolution
		Debug|Any CPU = Debug|Any CPU
		Release|Any CPU = Release|Any CPU
	EndGlobalSection
	GlobalSection(ProjectConfigurationPlatforms) = postSolution
		{47E467A1-7D59-40C3-BEC8-AB1046F66269}.Debug|Any CPU.ActiveCfg = Debug|Any CPU
		{47E467A1-7D59-40C3-BEC8-AB1046F66269}.Debug|Any CPU.Build.0 = Debug|Any CPU
		{47E467A1-7D59-40C3-BEC8-AB1046F66269}.Release|Any CPU.ActiveCfg = Release|Any CPU
		{47E467A1-7D59-40C3-BEC8-AB1046F66269}.Release|Any CPU.Build.0 = Release|Any CPU
		{A0759100-065C-1FC2-8933-C5695E4AE9AA}.Debug|Any CPU.ActiveCfg = Debug|Any CPU
		{A0759100-065C-1FC2-8933-C5695E4AE9AA}.Debug|Any CPU.Build.0 = Debug|Any CPU
		{A0759100-065C-1FC2-8933-C5695E4AE9AA}.Release|Any CPU.ActiveCfg = Release|Any CPU
		{A0759100-065C-1FC2-8933-C5695E4AE9AA}.Release|Any CPU.Build.0 = Release|Any CPU
		{DBA9FDE4-8F9E-D18F-21CB-B176172912EB}.Debug|Any CPU.ActiveCfg = Debug|Any CPU
		{DBA9FDE4-8F9E-D18F-21CB-B176172912EB}.Debug|Any CPU.Build.0 = Debug|Any CPU
		{DBA9FDE4-8F9E-D18F-21CB-B176172912EB}.Release|Any CPU.ActiveCfg = Release|Any CPU
		{DBA9FDE4-8F9E-D18F-21CB-B176172912EB}.Release|Any CPU.Build.0 = Release|Any CPU
		{65450662-A6DE-2C48-4061-A09A1BD00C1D}.Debug|Any CPU.ActiveCfg = Debug|Any CPU
		{65450662-A6DE-2C48-4061-A09A1BD00C1D}.Debug|Any CPU.Build.0 = Debug|Any CPU
		{65450662-A6DE-2C48-4061-A09A1BD00C1D}.Release|Any CPU.ActiveCfg = Release|Any CPU
		{65450662-A6DE-2C48-4061-A09A1BD00C1D}.Release|Any CPU.Build.0 = Release|Any CPU
	EndGlobalSection
	GlobalSection(SolutionProperties) = preSolution
		HideSolutionNode = FALSE
	EndGlobalSection
EndGlobal
